# THIS IS AN AUTOGENERATED FILE. DO NOT EDIT THIS FILE DIRECTLY.
# yarn lockfile v1


tron-format-address@^0.1.8:
  version "0.1.8"
  resolved "https://registry.yarnpkg.com/tron-format-address/-/tron-format-address-0.1.8.tgz#e25226dc00822fc91b0efeeae0fbf555584379fa"
  integrity sha512-oTtzUM43OZhQiv1p2aOVqbnev6mmJHXQrMpS3nn7zVAI/+ffA/aF+Y/vugHtYotckkromRLPEl/SR1HfJjAYQA==
